
Microsoft Visual Studio Solution File, Format Version 12.00
# Visual Studio Version 16
VisualStudioVersion = 16.0.30002.166
MinimumVisualStudioVersion = 10.0.40219.1
Project("{8BC9CEB8-8B4A-11D0-8D11-00A0C91BC942}") = "Project2", "Project2\Project2.vcxproj", "{E6F16EC0-B99B-48D3-89A9-DA064B8379ED}"
EndProject
Global
	GlobalSection(SolutionConfigurationPlatforms) = preSolution
		Debug|x64 = Debug|x64
		Debug|x86 = Debug|x86
		Release|x64 = Release|x64
		Release|x86 = Release|x86
	EndGlobalSection
	GlobalSection(ProjectConfigurationPlatforms) = postSolution
		{E6F16EC0-B99B-48D3-89A9-DA064B8379ED}.Debug|x64.ActiveCfg = Debug|x64
		{E6F16EC0-B99B-48D3-89A9-DA064B8379ED}.Debug|x64.Build.0 = Debug|x64
		{E6F16EC0-B99B-48D3-89A9-DA064B8379ED}.Debug|x86.ActiveCfg = Debug|Win32
		{E6F16EC0-B99B-48D3-89A9-DA064B8379ED}.Debug|x86.Build.0 = Debug|Win32
		{E6F16EC0-B99B-48D3-89A9-DA064B8379ED}.Release|x64.ActiveCfg = Release|x64
		{E6F16EC0-B99B-48D3-89A9-DA064B8379ED}.Release|x64.Build.0 = Release|x64
		{E6F16EC0-B99B-48D3-89A9-DA064B8379ED}.Release|x86.ActiveCfg = Release|Win32
		{E6F16EC0-B99B-48D3-89A9-DA064B8379ED}.Release|x86.Build.0 = Release|Win32
	EndGlobalSection
	GlobalSection(SolutionProperties) = preSolution
		HideSolutionNode = FALSE
	EndGlobalSection
	GlobalSection(ExtensibilityGlobals) = postSolution
		SolutionGuid = {8AC13C64-78D2-4433-8B30-3679E84ABCD6}
	EndGlobalSection
EndGlobal
